
Microsoft Visual Studio Solution File, Format Version 12.00
# Visual Studio for Mac
Project("{FAE04EC0-301F-11D3-BF4B-00C04F79EFBC}") = "cs2010", "cs2010.csproj", "{09E6D2C7-84A2-0E07-2E2F-4AB6E159DA5E}"
EndProject
Project("{FAE04EC0-301F-11D3-BF4B-00C04F79EFBC}") = "cs2010.Editor", "cs2010.Editor.csproj", "{AB9B4731-EAFC-8062-A12D-9DA58A79E34D}"
EndProject
Global
	GlobalSection(SolutionConfigurationPlatforms) = preSolution
		Debug|Any CPU = Debug|Any CPU
		Release|Any CPU = Release|Any CPU
	EndGlobalSection
	GlobalSection(ProjectConfigurationPlatforms) = postSolution
		{09E6D2C7-84A2-0E07-2E2F-4AB6E159DA5E}.Debug|Any CPU.ActiveCfg = Debug|Any CPU
		{09E6D2C7-84A2-0E07-2E2F-4AB6E159DA5E}.Debug|Any CPU.Build.0 = Debug|Any CPU
		{09E6D2C7-84A2-0E07-2E2F-4AB6E159DA5E}.Release|Any CPU.ActiveCfg = Release|Any CPU
		{09E6D2C7-84A2-0E07-2E2F-4AB6E159DA5E}.Release|Any CPU.Build.0 = Release|Any CPU
		{AB9B4731-EAFC-8062-A12D-9DA58A79E34D}.Debug|Any CPU.ActiveCfg = Debug|Any CPU
		{AB9B4731-EAFC-8062-A12D-9DA58A79E34D}.Debug|Any CPU.Build.0 = Debug|Any CPU
		{AB9B4731-EAFC-8062-A12D-9DA58A79E34D}.Release|Any CPU.ActiveCfg = Release|Any CPU
		{AB9B4731-EAFC-8062-A12D-9DA58A79E34D}.Release|Any CPU.Build.0 = Release|Any CPU
	EndGlobalSection
	GlobalSection(SolutionProperties) = preSolution
		HideSolutionNode = FALSE
	EndGlobalSection
EndGlobal
